
Microsoft Visual Studio Solution File, Format Version 12.00
# Visual Studio 15
VisualStudioVersion = 15.0.27130.2010
MinimumVisualStudioVersion = 10.0.40219.1
Project("{FAE04EC0-301F-11D3-BF4B-00C04F79EFBC}") = "ComicBookGallery", "ComicBookGallery\ComicBookGallery.csproj", "{609E6045-8C31-4A33-971D-D26574B950D1}"
EndProject
Global
	GlobalSection(SolutionConfigurationPlatforms) = preSolution
		Debug|Any CPU = Debug|Any CPU
		Release|Any CPU = Release|Any CPU
	EndGlobalSection
	GlobalSection(ProjectConfigurationPlatforms) = postSolution
		{609E6045-8C31-4A33-971D-D26574B950D1}.Debug|Any CPU.ActiveCfg = Debug|Any CPU
		{609E6045-8C31-4A33-971D-D26574B950D1}.Debug|Any CPU.Build.0 = Debug|Any CPU
		{609E6045-8C31-4A33-971D-D26574B950D1}.Release|Any CPU.ActiveCfg = Release|Any CPU
		{609E6045-8C31-4A33-971D-D26574B950D1}.Release|Any CPU.Build.0 = Release|Any CPU
	EndGlobalSection
	GlobalSection(SolutionProperties) = preSolution
		HideSolutionNode = FALSE
	EndGlobalSection
	GlobalSection(ExtensibilityGlobals) = postSolution
		SolutionGuid = {1B95A0CE-66DB-4C24-B27B-D11F2A31F010}
	EndGlobalSection
EndGlobal
